
Microsoft Visual Studio Solution File, Format Version 12.00
# Visual Studio 2015
Project("{FAE04EC0-301F-11D3-BF4B-00C04F79EFBC}") = "CRHC", "CRHC.csproj", "{C0E757E8-5BAC-E6A8-6CAB-EDB766E2534D}"
EndProject
Project("{FAE04EC0-301F-11D3-BF4B-00C04F79EFBC}") = "CRHC.Editor", "CRHC.Editor.csproj", "{BE74E1F2-63C2-F45A-5A95-0EC2B3096447}"
EndProject
Global
	GlobalSection(SolutionConfigurationPlatforms) = preSolution
		Debug|Any CPU = Debug|Any CPU
		Release|Any CPU = Release|Any CPU
	EndGlobalSection
	GlobalSection(ProjectConfigurationPlatforms) = postSolution
		{C0E757E8-5BAC-E6A8-6CAB-EDB766E2534D}.Debug|Any CPU.ActiveCfg = Debug|Any CPU
		{C0E757E8-5BAC-E6A8-6CAB-EDB766E2534D}.Debug|Any CPU.Build.0 = Debug|Any CPU
		{C0E757E8-5BAC-E6A8-6CAB-EDB766E2534D}.Release|Any CPU.ActiveCfg = Release|Any CPU
		{C0E757E8-5BAC-E6A8-6CAB-EDB766E2534D}.Release|Any CPU.Build.0 = Release|Any CPU
		{BE74E1F2-63C2-F45A-5A95-0EC2B3096447}.Debug|Any CPU.ActiveCfg = Debug|Any CPU
		{BE74E1F2-63C2-F45A-5A95-0EC2B3096447}.Debug|Any CPU.Build.0 = Debug|Any CPU
		{BE74E1F2-63C2-F45A-5A95-0EC2B3096447}.Release|Any CPU.ActiveCfg = Release|Any CPU
		{BE74E1F2-63C2-F45A-5A95-0EC2B3096447}.Release|Any CPU.Build.0 = Release|Any CPU
	EndGlobalSection
	GlobalSection(SolutionProperties) = preSolution
		HideSolutionNode = FALSE
	EndGlobalSection
EndGlobal
